
Microsoft Visual Studio Solution File, Format Version 12.00
# Visual Studio Version 16
VisualStudioVersion = 16.0.30330.147
MinimumVisualStudioVersion = 10.0.40219.1
Project("{9A19103F-16F7-4668-BE54-9A1E7A4F7556}") = "DesktopToggle", "DesktopToggle\DesktopToggle.csproj", "{0E5E2315-0175-4DE8-B51F-745A34CF7B09}"
EndProject
Project("{9A19103F-16F7-4668-BE54-9A1E7A4F7556}") = "MonoUtils.Standard", "MonoUtils.Standard\src\MonoUtils.Standard\MonoUtils.Standard.csproj", "{2D0A999F-C44D-4438-9D59-6B6252C126D2}"
EndProject
Project("{9A19103F-16F7-4668-BE54-9A1E7A4F7556}") = "NotifyIconWpf", "WPF.NotifyIcon.NetCore3\NotifyIconWpf\NotifyIconWpf.csproj", "{B3604B9F-2045-4428-90AC-5FAECDAA4573}"
EndProject
Global
	GlobalSection(SolutionConfigurationPlatforms) = preSolution
		Debug|Any CPU = Debug|Any CPU
		Release|Any CPU = Release|Any CPU
	EndGlobalSection
	GlobalSection(ProjectConfigurationPlatforms) = postSolution
		{0E5E2315-0175-4DE8-B51F-745A34CF7B09}.Debug|Any CPU.ActiveCfg = Debug|Any CPU
		{0E5E2315-0175-4DE8-B51F-745A34CF7B09}.Debug|Any CPU.Build.0 = Debug|Any CPU
		{0E5E2315-0175-4DE8-B51F-745A34CF7B09}.Release|Any CPU.ActiveCfg = Release|Any CPU
		{0E5E2315-0175-4DE8-B51F-745A34CF7B09}.Release|Any CPU.Build.0 = Release|Any CPU
		{2D0A999F-C44D-4438-9D59-6B6252C126D2}.Debug|Any CPU.ActiveCfg = Debug|Any CPU
		{2D0A999F-C44D-4438-9D59-6B6252C126D2}.Debug|Any CPU.Build.0 = Debug|Any CPU
		{2D0A999F-C44D-4438-9D59-6B6252C126D2}.Release|Any CPU.ActiveCfg = Release|Any CPU
		{2D0A999F-C44D-4438-9D59-6B6252C126D2}.Release|Any CPU.Build.0 = Release|Any CPU
		{B3604B9F-2045-4428-90AC-5FAECDAA4573}.Debug|Any CPU.ActiveCfg = Debug|Any CPU
		{B3604B9F-2045-4428-90AC-5FAECDAA4573}.Debug|Any CPU.Build.0 = Debug|Any CPU
		{B3604B9F-2045-4428-90AC-5FAECDAA4573}.Release|Any CPU.ActiveCfg = Release|Any CPU
		{B3604B9F-2045-4428-90AC-5FAECDAA4573}.Release|Any CPU.Build.0 = Release|Any CPU
	EndGlobalSection
	GlobalSection(SolutionProperties) = preSolution
		HideSolutionNode = FALSE
	EndGlobalSection
	GlobalSection(ExtensibilityGlobals) = postSolution
		SolutionGuid = {F3EE1969-9E8B-4ABE-B6B8-FE80401C86DC}
	EndGlobalSection
EndGlobal
